
Microsoft Visual Studio Solution File, Format Version 12.00
# Visual Studio Version 16
VisualStudioVersion = 16.0.33027.164
MinimumVisualStudioVersion = 10.0.40219.1
Project("{FAE04EC0-301F-11D3-BF4B-00C04F79EFBC}") = "SalesWebMVC", "SalesWebMVC\SalesWebMVC.csproj", "{CBCDD107-E97E-494D-88EE-7E084F59775D}"
EndProject
Global
	GlobalSection(SolutionConfigurationPlatforms) = preSolution
		Debug|Any CPU = Debug|Any CPU
		Release|Any CPU = Release|Any CPU
	EndGlobalSection
	GlobalSection(ProjectConfigurationPlatforms) = postSolution
		{CBCDD107-E97E-494D-88EE-7E084F59775D}.Debug|Any CPU.ActiveCfg = Debug|Any CPU
		{CBCDD107-E97E-494D-88EE-7E084F59775D}.Debug|Any CPU.Build.0 = Debug|Any CPU
		{CBCDD107-E97E-494D-88EE-7E084F59775D}.Release|Any CPU.ActiveCfg = Release|Any CPU
		{CBCDD107-E97E-494D-88EE-7E084F59775D}.Release|Any CPU.Build.0 = Release|Any CPU
	EndGlobalSection
	GlobalSection(SolutionProperties) = preSolution
		HideSolutionNode = FALSE
	EndGlobalSection
	GlobalSection(ExtensibilityGlobals) = postSolution
		SolutionGuid = {BFCDE76F-DF07-4A2D-8A1E-84EFC4A50945}
	EndGlobalSection
EndGlobal
